
Microsoft Visual Studio Solution File, Format Version 12.00
# Visual Studio 14
VisualStudioVersion = 14.0.25420.1
MinimumVisualStudioVersion = 10.0.40219.1
Project("{FAE04EC0-301F-11D3-BF4B-00C04F79EFBC}") = "aspnet4-sample", "aspnet4-sample\aspnet4-sample.csproj", "{14E0CE72-CA24-4255-B3ED-2BA370F2B5BE}"
EndProject
Project("{FAE04EC0-301F-11D3-BF4B-00C04F79EFBC}") = "aspnet4-test", "aspnet4-test\aspnet4-test.csproj", "{3B0ACC0C-885F-4D5C-9131-1C17DF85EAAF}"
EndProject
Global
	GlobalSection(SolutionConfigurationPlatforms) = preSolution
		Debug|Any CPU = Debug|Any CPU
		Release|Any CPU = Release|Any CPU
	EndGlobalSection
	GlobalSection(ProjectConfigurationPlatforms) = postSolution
		{14E0CE72-CA24-4255-B3ED-2BA370F2B5BE}.Debug|Any CPU.ActiveCfg = Debug|Any CPU
		{14E0CE72-CA24-4255-B3ED-2BA370F2B5BE}.Debug|Any CPU.Build.0 = Debug|Any CPU
		{14E0CE72-CA24-4255-B3ED-2BA370F2B5BE}.Release|Any CPU.ActiveCfg = Release|Any CPU
		{14E0CE72-CA24-4255-B3ED-2BA370F2B5BE}.Release|Any CPU.Build.0 = Release|Any CPU
		{3B0ACC0C-885F-4D5C-9131-1C17DF85EAAF}.Debug|Any CPU.ActiveCfg = Debug|Any CPU
		{3B0ACC0C-885F-4D5C-9131-1C17DF85EAAF}.Debug|Any CPU.Build.0 = Debug|Any CPU
		{3B0ACC0C-885F-4D5C-9131-1C17DF85EAAF}.Release|Any CPU.ActiveCfg = Release|Any CPU
		{3B0ACC0C-885F-4D5C-9131-1C17DF85EAAF}.Release|Any CPU.Build.0 = Release|Any CPU
	EndGlobalSection
	GlobalSection(SolutionProperties) = preSolution
		HideSolutionNode = FALSE
	EndGlobalSection
EndGlobal
