
Microsoft Visual Studio Solution File, Format Version 12.00
# Visual Studio 15
VisualStudioVersion = 15.0.26430.14
MinimumVisualStudioVersion = 10.0.40219.1
Project("{FAE04EC0-301F-11D3-BF4B-00C04F79EFBC}") = "MonitorNetwork", "MonitorNetwork\MonitorNetwork.csproj", "{4DB17481-1CB9-4A00-B012-9E4B00AC36A7}"
EndProject
Project("{FAE04EC0-301F-11D3-BF4B-00C04F79EFBC}") = "CopyFileFromRemoteComputer", "CopyFileFromRemoteComputer\CopyFileFromRemoteComputer.csproj", "{61A39833-C460-4771-B573-418B79A26A20}"
EndProject
Project("{FAE04EC0-301F-11D3-BF4B-00C04F79EFBC}") = "CopyFileRemote", "CopyFileRemote\CopyFileRemote.csproj", "{C2898461-84E5-40DF-A664-6BFC0016C4D8}"
EndProject
Global
	GlobalSection(SolutionConfigurationPlatforms) = preSolution
		Debug|Any CPU = Debug|Any CPU
		Release|Any CPU = Release|Any CPU
	EndGlobalSection
	GlobalSection(ProjectConfigurationPlatforms) = postSolution
		{4DB17481-1CB9-4A00-B012-9E4B00AC36A7}.Debug|Any CPU.ActiveCfg = Debug|Any CPU
		{4DB17481-1CB9-4A00-B012-9E4B00AC36A7}.Debug|Any CPU.Build.0 = Debug|Any CPU
		{4DB17481-1CB9-4A00-B012-9E4B00AC36A7}.Release|Any CPU.ActiveCfg = Release|Any CPU
		{4DB17481-1CB9-4A00-B012-9E4B00AC36A7}.Release|Any CPU.Build.0 = Release|Any CPU
		{61A39833-C460-4771-B573-418B79A26A20}.Debug|Any CPU.ActiveCfg = Debug|Any CPU
		{61A39833-C460-4771-B573-418B79A26A20}.Debug|Any CPU.Build.0 = Debug|Any CPU
		{61A39833-C460-4771-B573-418B79A26A20}.Release|Any CPU.ActiveCfg = Release|Any CPU
		{61A39833-C460-4771-B573-418B79A26A20}.Release|Any CPU.Build.0 = Release|Any CPU
		{C2898461-84E5-40DF-A664-6BFC0016C4D8}.Debug|Any CPU.ActiveCfg = Debug|Any CPU
		{C2898461-84E5-40DF-A664-6BFC0016C4D8}.Debug|Any CPU.Build.0 = Debug|Any CPU
		{C2898461-84E5-40DF-A664-6BFC0016C4D8}.Release|Any CPU.ActiveCfg = Release|Any CPU
		{C2898461-84E5-40DF-A664-6BFC0016C4D8}.Release|Any CPU.Build.0 = Release|Any CPU
	EndGlobalSection
	GlobalSection(SolutionProperties) = preSolution
		HideSolutionNode = FALSE
	EndGlobalSection
EndGlobal
